<?xml version="1.0" encoding="utf-8"?>
<Project ToolsVersion="4.0" xmlns="http://schemas.microsoft.com/developer/msbuild/2003">
  <ItemGroup>
    <Filter Include="Source Files">
      <UniqueIdentifier>{4FC737F1-C7A5-4376-A066-2A32D752A2FF}</UniqueIdentifier>
      <Extensions>cpp;c;cc;cxx;def;odl;idl;hpj;bat;asm;asmx</Extensions>
    </Filter>
    <Filter Include="Header Files">
      <UniqueIdentifier>{93995380-89BD-4b04-88EB-625FBE52EBFB}</UniqueIdentifier>
      <Extensions>h;hpp;hxx;hm;inl;inc;xsd</Extensions>
    </Filter>
    <Filter Include="Resource Files">
      <UniqueIdentifier>{67DA6AB6-F800-4c08-8B7A-83BB121AAD01}</UniqueIdentifier>
      <Extensions>rc;ico;cur;bmp;dlg;rc2;rct;bin;rgs;gif;jpg;jpeg;jpe;resx;tiff;tif;png;wav;mfcribbon-ms</Extensions>
    </Filter>
  </ItemGroup>
  <ItemGroup>
    <None Include="ReadMe.txt" />
    <None Include="res\CyberNanny.rc2">
      <Filter>Resource Files</Filter>
    </None>
    <None Include="res\CyberNanny.ico">
      <Filter>Resource Files</Filter>
    </None>
    <None Include="res\mvp_logo.bmp">
      <Filter>Resource Files</Filter>
    </None>
  </ItemGroup>
  <ItemGroup>
    <ClInclude Include="CyberNanny.h">
      <Filter>Header Files</Filter>
    </ClInclude>
    <ClInclude Include="CyberNannyDlg.h">
      <Filter>Header Files</Filter>
    </ClInclude>
    <ClInclude Include="stdafx.h">
      <Filter>Header Files</Filter>
    </ClInclude>
    <ClInclude Include="targetver.h">
      <Filter>Header Files</Filter>
    </ClInclude>
    <ClInclude Include="Resource.h">
      <Filter>Header Files</Filter>
    </ClInclude>
    <ClInclude Include="Nui_Core.h">
      <Filter>Header Files</Filter>
    </ClInclude>
    <ClInclude Include="Utils.h">
      <Filter>Header Files</Filter>
    </ClInclude>
    <ClInclude Include="DrawDevice.h">
      <Filter>Header Files</Filter>
    </ClInclude>
    <ClInclude Include="cybernannySvc.h">
      <Filter>Header Files</Filter>
    </ClInclude>
    <ClInclude Include="cybernanny0.xsd.h">
      <Filter>Header Files</Filter>
    </ClInclude>
    <ClInclude Include="cybernanny2.xsd.h">
      <Filter>Header Files</Filter>
    </ClInclude>
    <ClInclude Include="Proxy.h">
      <Filter>Header Files</Filter>
    </ClInclude>
    <ClInclude Include="cybernanny3.xsd.h">
      <Filter>Header Files</Filter>
    </ClInclude>
    <ClInclude Include="cybernanny1.xsd.h">
      <Filter>Header Files</Filter>
    </ClInclude>
    <ClInclude Include="EmailHelper.h">
      <Filter>Header Files</Filter>
    </ClInclude>
    <ClInclude Include="Account.h">
      <Filter>Header Files</Filter>
    </ClInclude>
    <ClInclude Include="Application.h">
      <Filter>Header Files</Filter>
    </ClInclude>
    <ClInclude Include="MailItem.h">
      <Filter>Header Files</Filter>
    </ClInclude>
    <ClInclude Include="NameSpace.h">
      <Filter>Header Files</Filter>
    </ClInclude>
    <ClInclude Include="Accounts.h">
      <Filter>Header Files</Filter>
    </ClInclude>
    <ClInclude Include="Attachments.h">
      <Filter>Header Files</Filter>
    </ClInclude>
    <ClInclude Include="ImageFile.h">
      <Filter>Header Files</Filter>
    </ClInclude>
  </ItemGroup>
  <ItemGroup>
    <ClCompile Include="CyberNanny.cpp">
      <Filter>Source Files</Filter>
    </ClCompile>
    <ClCompile Include="CyberNannyDlg.cpp">
      <Filter>Source Files</Filter>
    </ClCompile>
    <ClCompile Include="stdafx.cpp">
      <Filter>Source Files</Filter>
    </ClCompile>
    <ClCompile Include="Nui_Core.cpp">
      <Filter>Source Files</Filter>
    </ClCompile>
    <ClCompile Include="Utils.cpp">
      <Filter>Source Files</Filter>
    </ClCompile>
    <ClCompile Include="DrawDevice.cpp">
      <Filter>Source Files</Filter>
    </ClCompile>
    <ClCompile Include="cybernannySvc.cpp">
      <Filter>Source Files</Filter>
    </ClCompile>
    <ClCompile Include="cybernanny0.xsd.cpp">
      <Filter>Source Files</Filter>
    </ClCompile>
    <ClCompile Include="cybernanny2.xsd.cpp">
      <Filter>Source Files</Filter>
    </ClCompile>
    <ClCompile Include="Proxy.cpp">
      <Filter>Source Files</Filter>
    </ClCompile>
    <ClCompile Include="cybernanny3.xsd.cpp">
      <Filter>Source Files</Filter>
    </ClCompile>
    <ClCompile Include="cybernanny1.xsd.cpp">
      <Filter>Source Files</Filter>
    </ClCompile>
    <ClCompile Include="EmailHelper.cpp">
      <Filter>Source Files</Filter>
    </ClCompile>
    <ClCompile Include="ImageFile.cpp">
      <Filter>Source Files</Filter>
    </ClCompile>
  </ItemGroup>
  <ItemGroup>
    <ResourceCompile Include="CyberNanny.rc">
      <Filter>Resource Files</Filter>
    </ResourceCompile>
  </ItemGroup>
</Project>